{
  "name": "haptik-assignment",
  "version": "0.1.0",
  "lockfileVersion": 1,
  "requires": true,
  "dependencies": {
    "@fortawesome/fontawesome-svg-core": {
      "version": "1.2.26",
      "resolved": "https://registry.npmjs.org/@fortawesome/fontawesome-svg-core/-/fontawesome-svg-core-1.2.26.tgz",
      "integrity": "sha512-3Dfd/v2IztP1TxKOxZiB5+4kaOZK9mNy0KU1vVK7nFlPWz3gzxrCWB+AloQhQUoJ8HhGqbzjliK89Vl7PExGbw=="
    },
    "@fortawesome/free-regular-svg-icons": {
      "version": "5.12.0",
      "resolved": "https://registry.npmjs.org/@fortawesome/free-regular-svg-icons/-/free-regular-svg-icons-5.12.0.tgz",
      "integrity": "sha512-FAvpmylTs0PosHwHrWPQX6/7ODc9M11kCE6AOAujFufDYzqTj2cPHT4yJO7zTEkKdAbbusJzbWpnOboMuyjeQA=="
    },
    "@fortawesome/free-solid-svg-icons": {
      "version": "5.12.0",
      "resolved": "https://registry.npmjs.org/@fortawesome/free-solid-svg-icons/-/free-solid-svg-icons-5.12.0.tgz",
      "integrity": "sha512-CnpsWs6GhTs9ekNB3d8rcO5HYqRkXbYKf2YNiAlTWbj5eVlPqsd/XH1F9If8jkcR1aegryAbln/qYeKVZzpM0g=="
    },
    "@fortawesome/react-fontawesome": {
      "version": "0.1.8",
      "resolved": "https://registry.npmjs.org/@fortawesome/react-fontawesome/-/react-fontawesome-0.1.8.tgz",
      "integrity": "sha512-I5h9YQg/ePA3Br9ISS18fcwOYmzQYDSM1ftH03/8nHkiqIVHtUyQBw482+60dnzvlr82gHt3mGm+nDUp159FCw=="
    },
    "@testing-library/jest-dom": {
      "version": "4.2.4",
      "resolved": "https://registry.npmjs.org/@testing-library/jest-dom/-/jest-dom-4.2.4.tgz",
      "integrity": "sha512-j31Bn0rQo12fhCWOUWy9fl7wtqkp7In/YP2p5ZFyRuiiB9Qs3g+hS4gAmDWONbAHcRmVooNJ5eOHQDCOmUFXHg=="
    },
    "@testing-library/react": {
      "version": "9.4.0",
      "resolved": "https://registry.npmjs.org/@testing-library/react/-/react-9.4.0.tgz",
      "integrity": "sha512-XdhDWkI4GktUPsz0AYyeQ8M9qS/JFie06kcSnUVcpgOwFjAu9vhwR83qBl+lw9yZWkbECjL8Hd+n5hH6C0oWqg=="
    },
    "@testing-library/user-event": {
      "version": "7.2.1",
      "resolved": "https://registry.npmjs.org/@testing-library/user-event/-/user-event-7.2.1.tgz",
      "integrity": "sha512-oZ0Ib5I4Z2pUEcoo95cT1cr6slco9WY7yiPpG+RGNkj8YcYgJnM7pXmYmorNOReh8MIGcKSqXyeGjxnr8YiZbA=="
    },
    "bootstrap": {
      "version": "4.4.1",
      "resolved": "https://registry.npmjs.org/bootstrap/-/bootstrap-4.4.1.tgz",
      "integrity": "sha512-tbx5cHubwE6e2ZG7nqM3g/FZ5PQEDMWmMGNrCUBVRPHXTJaH7CBDdsLeu3eCh3B1tzAxTnAbtmrzvWEvT2NNEA=="
    },
    "moment": {
      "version": "2.29.2",
      "resolved": "https://registry.npmjs.org/moment/-/moment-2.29.2.tgz",
      "integrity": "sha512-UgzG4rvxYpN15jgCmVJwac49h9ly9NurikMWGPdVxm8GZD6XjkKPxDTjQQ43gtGgnV3X0cAyWDdP2Wexoquifg=="
    },
    "react": {
      "version": "16.12.0",
      "resolved": "https://registry.npmjs.org/react/-/react-16.12.0.tgz",
      "integrity": "sha512-fglqy3k5E+81pA8s+7K0/T3DBCF0ZDOher1elBFzF7O6arXJgzyu/FW+COxFvAWXJoJN9KIZbT2LXlukwphYTA=="
    },
    "react-datepicker": {
      "version": "2.11.0",
      "resolved": "https://registry.npmjs.org/react-datepicker/-/react-datepicker-2.11.0.tgz",
      "integrity": "sha512-eyaLRTX4CaMnW4HW34gYmG4cT/3R9vyAIEAQ1SSWKBO77pTs6RfxUzbLRKOheyIlQM7BmXhLGOxq80vvlCb09w=="
    },
    "react-dom": {
      "version": "16.12.0",
      "resolved": "https://registry.npmjs.org/react-dom/-/react-dom-16.12.0.tgz",
      "integrity": "sha512-LMxFfAGrcS3kETtQaCkTKjMiifahaMySFDn71fZUNpPHZQEzmk/GiAeIT8JSOrHB23fnuCOMruL2a8NYlw+8Gw=="
    },
    "react-infinite-scroll-component": {
      "version": "5.0.4",
      "resolved": "https://registry.npmjs.org/react-infinite-scroll-component/-/react-infinite-scroll-component-5.0.4.tgz",
      "integrity": "sha512-wl6MXreH57z6X6uILpRbvt2iaETZDX4HdnHaPy0vp9fVQ01ALM+zvFrG2xk2nsxynXxob2IEFan9eI1CDV2V0A=="
    },
    "react-scripts": {
      "version": "3.3.0",
      "resolved": "https://registry.npmjs.org/react-scripts/-/react-scripts-3.3.0.tgz",
      "integrity": "sha512-hzPc6bxCc9GnsspWqk494c2Gpd0dRbk/C8q76BNQIENi9GMwoxFljOEcZoZcpFpJgQ45alxFR6QaLt+51qie7g=="
    }
  }
}
